
Microsoft Visual Studio Solution File, Format Version 12.00
# Visual Studio Version 17
VisualStudioVersion = 17.11.35222.181
MinimumVisualStudioVersion = 10.0.40219.1
Project("{FAE04EC0-301F-11D3-BF4B-00C04F79EFBC}") = "Obligatoriskopgave - Quiz spil", "Obligatoriskopgave - Quiz spil.csproj", "{78E8BCCF-BF06-4CC5-A16A-58CA916FD81D}"
EndProject
Global
	GlobalSection(SolutionConfigurationPlatforms) = preSolution
		Debug|Any CPU = Debug|Any CPU
		Release|Any CPU = Release|Any CPU
	EndGlobalSection
	GlobalSection(ProjectConfigurationPlatforms) = postSolution
		{78E8BCCF-BF06-4CC5-A16A-58CA916FD81D}.Debug|Any CPU.ActiveCfg = Debug|Any CPU
		{78E8BCCF-BF06-4CC5-A16A-58CA916FD81D}.Debug|Any CPU.Build.0 = Debug|Any CPU
		{78E8BCCF-BF06-4CC5-A16A-58CA916FD81D}.Release|Any CPU.ActiveCfg = Release|Any CPU
		{78E8BCCF-BF06-4CC5-A16A-58CA916FD81D}.Release|Any CPU.Build.0 = Release|Any CPU
	EndGlobalSection
	GlobalSection(SolutionProperties) = preSolution
		HideSolutionNode = FALSE
	EndGlobalSection
	GlobalSection(ExtensibilityGlobals) = postSolution
		SolutionGuid = {C6000E40-4F67-4057-8575-F06477702BC4}
	EndGlobalSection
EndGlobal
